
Microsoft Visual Studio Solution File, Format Version 12.00
# Visual Studio Version 17
VisualStudioVersion = 17.8.34408.163
MinimumVisualStudioVersion = 10.0.40219.1
Project("{9A19103F-16F7-4668-BE54-9A1E7A4F7556}") = "OutOfOffice", "OutOfOffice\OutOfOffice.csproj", "{2633E02E-41B8-40F5-88EA-B240CFA82305}"
EndProject
Project("{9A19103F-16F7-4668-BE54-9A1E7A4F7556}") = "OutOfOffice.Models", "OutOfOffice.Models\OutOfOffice.Models.csproj", "{D91708EE-A670-4050-9097-4AC35458D25A}"
EndProject
Project("{9A19103F-16F7-4668-BE54-9A1E7A4F7556}") = "OutOfOffice.Services", "OutOfOffice.Services\OutOfOffice.Services.csproj", "{56AF1D08-3BEE-4BD8-B523-57DAD4B173F4}"
EndProject
Global
	GlobalSection(SolutionConfigurationPlatforms) = preSolution
		Debug|Any CPU = Debug|Any CPU
		Release|Any CPU = Release|Any CPU
	EndGlobalSection
	GlobalSection(ProjectConfigurationPlatforms) = postSolution
		{2633E02E-41B8-40F5-88EA-B240CFA82305}.Debug|Any CPU.ActiveCfg = Debug|Any CPU
		{2633E02E-41B8-40F5-88EA-B240CFA82305}.Debug|Any CPU.Build.0 = Debug|Any CPU
		{2633E02E-41B8-40F5-88EA-B240CFA82305}.Release|Any CPU.ActiveCfg = Release|Any CPU
		{2633E02E-41B8-40F5-88EA-B240CFA82305}.Release|Any CPU.Build.0 = Release|Any CPU
		{D91708EE-A670-4050-9097-4AC35458D25A}.Debug|Any CPU.ActiveCfg = Debug|Any CPU
		{D91708EE-A670-4050-9097-4AC35458D25A}.Debug|Any CPU.Build.0 = Debug|Any CPU
		{D91708EE-A670-4050-9097-4AC35458D25A}.Release|Any CPU.ActiveCfg = Release|Any CPU
		{D91708EE-A670-4050-9097-4AC35458D25A}.Release|Any CPU.Build.0 = Release|Any CPU
		{56AF1D08-3BEE-4BD8-B523-57DAD4B173F4}.Debug|Any CPU.ActiveCfg = Debug|Any CPU
		{56AF1D08-3BEE-4BD8-B523-57DAD4B173F4}.Debug|Any CPU.Build.0 = Debug|Any CPU
		{56AF1D08-3BEE-4BD8-B523-57DAD4B173F4}.Release|Any CPU.ActiveCfg = Release|Any CPU
		{56AF1D08-3BEE-4BD8-B523-57DAD4B173F4}.Release|Any CPU.Build.0 = Release|Any CPU
	EndGlobalSection
	GlobalSection(SolutionProperties) = preSolution
		HideSolutionNode = FALSE
	EndGlobalSection
	GlobalSection(ExtensibilityGlobals) = postSolution
		SolutionGuid = {F09C8EDA-3E9A-4D68-9B86-6D208B08645E}
	EndGlobalSection
EndGlobal
